
Microsoft Visual Studio Solution File, Format Version 12.00
# Visual Studio 15
Project("{FAE04EC0-301F-11D3-BF4B-00C04F79EFBC}") = "Assembly-CSharp", "Assembly-CSharp.csproj", "{A7951FDD-BFBE-208E-9141-31CF4AFFE61F}"
EndProject
Project("{FAE04EC0-301F-11D3-BF4B-00C04F79EFBC}") = "Assembly-CSharp-Editor", "Assembly-CSharp-Editor.csproj", "{39B6EEB6-6945-8C16-D7C9-58D2931EFB8B}"
EndProject
Global
	GlobalSection(SolutionConfigurationPlatforms) = preSolution
		Debug|Any CPU = Debug|Any CPU
		Release|Any CPU = Release|Any CPU
	EndGlobalSection
	GlobalSection(ProjectConfigurationPlatforms) = postSolution
		{A7951FDD-BFBE-208E-9141-31CF4AFFE61F}.Debug|Any CPU.ActiveCfg = Debug|Any CPU
		{A7951FDD-BFBE-208E-9141-31CF4AFFE61F}.Debug|Any CPU.Build.0 = Debug|Any CPU
		{A7951FDD-BFBE-208E-9141-31CF4AFFE61F}.Release|Any CPU.ActiveCfg = Release|Any CPU
		{A7951FDD-BFBE-208E-9141-31CF4AFFE61F}.Release|Any CPU.Build.0 = Release|Any CPU
		{39B6EEB6-6945-8C16-D7C9-58D2931EFB8B}.Debug|Any CPU.ActiveCfg = Debug|Any CPU
		{39B6EEB6-6945-8C16-D7C9-58D2931EFB8B}.Debug|Any CPU.Build.0 = Debug|Any CPU
		{39B6EEB6-6945-8C16-D7C9-58D2931EFB8B}.Release|Any CPU.ActiveCfg = Release|Any CPU
		{39B6EEB6-6945-8C16-D7C9-58D2931EFB8B}.Release|Any CPU.Build.0 = Release|Any CPU
	EndGlobalSection
	GlobalSection(SolutionProperties) = preSolution
		HideSolutionNode = FALSE
	EndGlobalSection
EndGlobal
